# This file is automatically @generated by Poetry 1.8.3 and should not be changed by hand.

[[package]]
name = "osbot-utils"
version = "1.22.0"
description = "OWASP Security Bot - Utils"
optional = false
python-versions = "<4.0,>=3.7"
files = [
    {file = "osbot_utils-1.22.0-py3-none-any.whl", hash = "sha256:f1c8b8f69de4bec29128d6a25a5398af0b13f0b80ae28065b1d8eb65859ef0fc"},
    {file = "osbot_utils-1.22.0.tar.gz", hash = "sha256:dd34b608ed78dbf68c6f83220bf2b15f87f8413bd934c1e5d191d26efd75d4b8"},
]

[metadata]
lock-version = "2.0"
python-versions = "^3.7"
content-hash = "2891855b349ce46aa224a5083fd3b1e0fe1b95e4038866b3ad68757b1cd32b09"
